
Microsoft Visual Studio Solution File, Format Version 12.00
# Visual Studio 15
VisualStudioVersion = 15.0.28010.2016
MinimumVisualStudioVersion = 10.0.40219.1
Project("{FAE04EC0-301F-11D3-BF4B-00C04F79EFBC}") = "ThreeSum", "ThreeSum\ThreeSum.csproj", "{8292A064-8E3E-4BE0-9709-823E776452DA}"
EndProject
Global
	GlobalSection(SolutionConfigurationPlatforms) = preSolution
		Debug|Any CPU = Debug|Any CPU
		Release|Any CPU = Release|Any CPU
	EndGlobalSection
	GlobalSection(ProjectConfigurationPlatforms) = postSolution
		{8292A064-8E3E-4BE0-9709-823E776452DA}.Debug|Any CPU.ActiveCfg = Debug|Any CPU
		{8292A064-8E3E-4BE0-9709-823E776452DA}.Debug|Any CPU.Build.0 = Debug|Any CPU
		{8292A064-8E3E-4BE0-9709-823E776452DA}.Release|Any CPU.ActiveCfg = Release|Any CPU
		{8292A064-8E3E-4BE0-9709-823E776452DA}.Release|Any CPU.Build.0 = Release|Any CPU
	EndGlobalSection
	GlobalSection(SolutionProperties) = preSolution
		HideSolutionNode = FALSE
	EndGlobalSection
	GlobalSection(ExtensibilityGlobals) = postSolution
		SolutionGuid = {CC3CE122-5779-47E8-A9B0-505517BBDEAA}
	EndGlobalSection
EndGlobal
